
Microsoft Visual Studio Solution File, Format Version 12.00
# Visual Studio 2013
VisualStudioVersion = 12.0.30723.0
MinimumVisualStudioVersion = 10.0.40219.1
Project("{2150E333-8FDC-42A3-9474-1A3956D46DE8}") = "Solution Items", "Solution Items", "{15C47944-03B5-4E61-B2C8-6C3BA58040EB}"
	ProjectSection(SolutionItems) = preProject
		HIS ToDo.txt = HIS ToDo.txt
		HISSchema.xml = HISSchema.xml
		HISSchema2.xml = HISSchema2.xml
	EndProjectSection
EndProject
Project("{FAE04EC0-301F-11D3-BF4B-00C04F79EFBC}") = "HIS.Library", "HIS.Library\HIS.Library.csproj", "{5C042A96-815D-4492-ADA5-891406A84ECD}"
EndProject
Project("{FAE04EC0-301F-11D3-BF4B-00C04F79EFBC}") = "HIS.DAL.Mock", "HIS.DAL.Mock\HIS.DAL.Mock.csproj", "{2C3F3FC7-769A-4C70-AF20-5409BEA0A191}"
EndProject
Project("{FAE04EC0-301F-11D3-BF4B-00C04F79EFBC}") = "HIS.DAL.Sql", "HIS.DAL.Sql\HIS.DAL.Sql.csproj", "{A42A0094-1914-47C7-92D7-BC05583AEE33}"
EndProject
Project("{FAE04EC0-301F-11D3-BF4B-00C04F79EFBC}") = "HIS_Tester", "HIS_Tester\HIS_Tester.csproj", "{3339BF79-959F-4B43-BBAB-D39F3EAB900A}"
EndProject
Project("{00D1A9C2-B5F0-4AF3-8072-F6C62B433612}") = "HIS DB", "HIS DB\HIS DB.sqlproj", "{67CBC824-A49E-4E9B-A947-360F3DFE65C3}"
EndProject
Project("{FAE04EC0-301F-11D3-BF4B-00C04F79EFBC}") = "HIS", "HIS\HIS.csproj", "{4A6BDD7F-BD50-4232-BDDA-0B082599666A}"
EndProject
Project("{FAE04EC0-301F-11D3-BF4B-00C04F79EFBC}") = "HIS_Administration", "HIS_Administration\HIS_Administration.csproj", "{E2F828A2-48F6-4088-BEEE-8727739244B9}"
EndProject
Project("{FAE04EC0-301F-11D3-BF4B-00C04F79EFBC}") = "Csla", "..\..\..\CSLA\CSLA4\CslaSource-4.1.0-110118\Source\Csla\Csla.csproj", "{9DA591ED-C570-47AC-8E5D-35B039E07973}"
EndProject
Project("{FAE04EC0-301F-11D3-BF4B-00C04F79EFBC}") = "EAC_HISAdmin", "EAC_HISAdmin\EAC_HISAdmin.csproj", "{68CDC523-10BD-42FA-9AD2-E1F81C49DEAD}"
EndProject
Global
	GlobalSection(TeamFoundationVersionControl) = preSolution
		SccNumberOfProjects = 9
		SccEnterpriseProvider = {4CA58AB2-18FA-4F8D-95D4-32DDF27D184C}
		SccTeamFoundationServer = https://infinityrhodes.visualstudio.com/defaultcollection
		SccLocalPath0 = .
		SccProjectUniqueName1 = HIS_Tester\\HIS_Tester.csproj
		SccProjectName1 = HIS_Tester
		SccLocalPath1 = HIS_Tester
		SccProjectUniqueName2 = HIS\\HIS.csproj
		SccProjectName2 = HIS
		SccLocalPath2 = HIS
		SccProjectUniqueName3 = HIS.Library\\HIS.Library.csproj
		SccProjectName3 = HIS.Library
		SccLocalPath3 = HIS.Library
		SccProjectUniqueName4 = HIS.DAL.Sql\\HIS.DAL.Sql.csproj
		SccProjectName4 = HIS.DAL.Sql
		SccLocalPath4 = HIS.DAL.Sql
		SccProjectUniqueName5 = HIS.DAL.Mock\\HIS.DAL.Mock.csproj
		SccProjectName5 = HIS.DAL.Mock
		SccLocalPath5 = HIS.DAL.Mock
		SccProjectUniqueName6 = HIS_Administration\\HIS_Administration.csproj
		SccProjectName6 = HIS_Administration
		SccLocalPath6 = HIS_Administration
		SccProjectUniqueName7 = EAC_HISAdmin\\EAC_HISAdmin.csproj
		SccProjectName7 = EAC_HISAdmin
		SccLocalPath7 = EAC_HISAdmin
		SccProjectUniqueName8 = HIS\u0020DB\\HIS\u0020DB.sqlproj
		SccProjectName8 = HIS\u0020DB
		SccLocalPath8 = HIS\u0020DB
	EndGlobalSection
	GlobalSection(SolutionConfigurationPlatforms) = preSolution
		A097912X0P|Any CPU = A097912X0P|Any CPU
		A097912X0P|Mixed Platforms = A097912X0P|Mixed Platforms
		A097912X0P|x86 = A097912X0P|x86
		CHRDEV2|Any CPU = CHRDEV2|Any CPU
		CHRDEV2|Mixed Platforms = CHRDEV2|Mixed Platforms
		CHRDEV2|x86 = CHRDEV2|x86
		Debug|Any CPU = Debug|Any CPU
		Debug|Mixed Platforms = Debug|Mixed Platforms
		Debug|x86 = Debug|x86
		MATRIX|Any CPU = MATRIX|Any CPU
		MATRIX|Mixed Platforms = MATRIX|Mixed Platforms
		MATRIX|x86 = MATRIX|x86
		PARTHENON|Any CPU = PARTHENON|Any CPU
		PARTHENON|Mixed Platforms = PARTHENON|Mixed Platforms
		PARTHENON|x86 = PARTHENON|x86
		Release|Any CPU = Release|Any CPU
		Release|Mixed Platforms = Release|Mixed Platforms
		Release|x86 = Release|x86
		Testing|Any CPU = Testing|Any CPU
		Testing|Mixed Platforms = Testing|Mixed Platforms
		Testing|x86 = Testing|x86
		TRON|Any CPU = TRON|Any CPU
		TRON|Mixed Platforms = TRON|Mixed Platforms
		TRON|x86 = TRON|x86
	EndGlobalSection
	GlobalSection(ProjectConfigurationPlatforms) = postSolution
		{5C042A96-815D-4492-ADA5-891406A84ECD}.A097912X0P|Any CPU.ActiveCfg = TRON|Any CPU
		{5C042A96-815D-4492-ADA5-891406A84ECD}.A097912X0P|Any CPU.Build.0 = TRON|Any CPU
		{5C042A96-815D-4492-ADA5-891406A84ECD}.A097912X0P|Mixed Platforms.ActiveCfg = TRON|Any CPU
		{5C042A96-815D-4492-ADA5-891406A84ECD}.A097912X0P|Mixed Platforms.Build.0 = TRON|Any CPU
		{5C042A96-815D-4492-ADA5-891406A84ECD}.A097912X0P|x86.ActiveCfg = TRON|Any CPU
		{5C042A96-815D-4492-ADA5-891406A84ECD}.CHRDEV2|Any CPU.ActiveCfg = CHRDEV2|Any CPU
		{5C042A96-815D-4492-ADA5-891406A84ECD}.CHRDEV2|Any CPU.Build.0 = CHRDEV2|Any CPU
		{5C042A96-815D-4492-ADA5-891406A84ECD}.CHRDEV2|Mixed Platforms.ActiveCfg = CHRDEV2|Any CPU
		{5C042A96-815D-4492-ADA5-891406A84ECD}.CHRDEV2|Mixed Platforms.Build.0 = CHRDEV2|Any CPU
		{5C042A96-815D-4492-ADA5-891406A84ECD}.CHRDEV2|x86.ActiveCfg = CHRDEV2|Any CPU
		{5C042A96-815D-4492-ADA5-891406A84ECD}.Debug|Any CPU.ActiveCfg = Debug|Any CPU
		{5C042A96-815D-4492-ADA5-891406A84ECD}.Debug|Any CPU.Build.0 = Debug|Any CPU
		{5C042A96-815D-4492-ADA5-891406A84ECD}.Debug|Mixed Platforms.ActiveCfg = Debug|Any CPU
		{5C042A96-815D-4492-ADA5-891406A84ECD}.Debug|Mixed Platforms.Build.0 = Debug|Any CPU
		{5C042A96-815D-4492-ADA5-891406A84ECD}.Debug|x86.ActiveCfg = Debug|Any CPU
		{5C042A96-815D-4492-ADA5-891406A84ECD}.MATRIX|Any CPU.ActiveCfg = MATRIX|Any CPU
		{5C042A96-815D-4492-ADA5-891406A84ECD}.MATRIX|Any CPU.Build.0 = MATRIX|Any CPU
		{5C042A96-815D-4492-ADA5-891406A84ECD}.MATRIX|Mixed Platforms.ActiveCfg = MATRIX|Any CPU
		{5C042A96-815D-4492-ADA5-891406A84ECD}.MATRIX|Mixed Platforms.Build.0 = MATRIX|Any CPU
		{5C042A96-815D-4492-ADA5-891406A84ECD}.MATRIX|x86.ActiveCfg = MATRIX|Any CPU
		{5C042A96-815D-4492-ADA5-891406A84ECD}.PARTHENON|Any CPU.ActiveCfg = PARTHENON|Any CPU
		{5C042A96-815D-4492-ADA5-891406A84ECD}.PARTHENON|Any CPU.Build.0 = PARTHENON|Any CPU
		{5C042A96-815D-4492-ADA5-891406A84ECD}.PARTHENON|Mixed Platforms.ActiveCfg = PARTHENON|Any CPU
		{5C042A96-815D-4492-ADA5-891406A84ECD}.PARTHENON|Mixed Platforms.Build.0 = PARTHENON|Any CPU
		{5C042A96-815D-4492-ADA5-891406A84ECD}.PARTHENON|x86.ActiveCfg = PARTHENON|Any CPU
		{5C042A96-815D-4492-ADA5-891406A84ECD}.Release|Any CPU.ActiveCfg = Release|Any CPU
		{5C042A96-815D-4492-ADA5-891406A84ECD}.Release|Any CPU.Build.0 = Release|Any CPU
		{5C042A96-815D-4492-ADA5-891406A84ECD}.Release|Mixed Platforms.ActiveCfg = Release|Any CPU
		{5C042A96-815D-4492-ADA5-891406A84ECD}.Release|Mixed Platforms.Build.0 = Release|Any CPU
		{5C042A96-815D-4492-ADA5-891406A84ECD}.Release|x86.ActiveCfg = Release|Any CPU
		{5C042A96-815D-4492-ADA5-891406A84ECD}.Testing|Any CPU.ActiveCfg = Release|Any CPU
		{5C042A96-815D-4492-ADA5-891406A84ECD}.Testing|Any CPU.Build.0 = Release|Any CPU
		{5C042A96-815D-4492-ADA5-891406A84ECD}.Testing|Mixed Platforms.ActiveCfg = Release|Any CPU
		{5C042A96-815D-4492-ADA5-891406A84ECD}.Testing|Mixed Platforms.Build.0 = Release|Any CPU
		{5C042A96-815D-4492-ADA5-891406A84ECD}.Testing|x86.ActiveCfg = Release|Any CPU
		{5C042A96-815D-4492-ADA5-891406A84ECD}.TRON|Any CPU.ActiveCfg = TRON|Any CPU
		{5C042A96-815D-4492-ADA5-891406A84ECD}.TRON|Any CPU.Build.0 = TRON|Any CPU
		{5C042A96-815D-4492-ADA5-891406A84ECD}.TRON|Mixed Platforms.ActiveCfg = TRON|Any CPU
		{5C042A96-815D-4492-ADA5-891406A84ECD}.TRON|Mixed Platforms.Build.0 = TRON|Any CPU
		{5C042A96-815D-4492-ADA5-891406A84ECD}.TRON|x86.ActiveCfg = TRON|Any CPU
		{2C3F3FC7-769A-4C70-AF20-5409BEA0A191}.A097912X0P|Any CPU.ActiveCfg = TRON|Any CPU
		{2C3F3FC7-769A-4C70-AF20-5409BEA0A191}.A097912X0P|Any CPU.Build.0 = TRON|Any CPU
		{2C3F3FC7-769A-4C70-AF20-5409BEA0A191}.A097912X0P|Mixed Platforms.ActiveCfg = TRON|Any CPU
		{2C3F3FC7-769A-4C70-AF20-5409BEA0A191}.A097912X0P|Mixed Platforms.Build.0 = TRON|Any CPU
		{2C3F3FC7-769A-4C70-AF20-5409BEA0A191}.A097912X0P|x86.ActiveCfg = TRON|Any CPU
		{2C3F3FC7-769A-4C70-AF20-5409BEA0A191}.CHRDEV2|Any CPU.ActiveCfg = CHRDEV2|Any CPU
		{2C3F3FC7-769A-4C70-AF20-5409BEA0A191}.CHRDEV2|Any CPU.Build.0 = CHRDEV2|Any CPU
		{2C3F3FC7-769A-4C70-AF20-5409BEA0A191}.CHRDEV2|Mixed Platforms.ActiveCfg = CHRDEV2|Any CPU
		{2C3F3FC7-769A-4C70-AF20-5409BEA0A191}.CHRDEV2|Mixed Platforms.Build.0 = CHRDEV2|Any CPU
		{2C3F3FC7-769A-4C70-AF20-5409BEA0A191}.CHRDEV2|x86.ActiveCfg = CHRDEV2|Any CPU
		{2C3F3FC7-769A-4C70-AF20-5409BEA0A191}.Debug|Any CPU.ActiveCfg = Debug|Any CPU
		{2C3F3FC7-769A-4C70-AF20-5409BEA0A191}.Debug|Any CPU.Build.0 = Debug|Any CPU
		{2C3F3FC7-769A-4C70-AF20-5409BEA0A191}.Debug|Mixed Platforms.ActiveCfg = Debug|Any CPU
		{2C3F3FC7-769A-4C70-AF20-5409BEA0A191}.Debug|Mixed Platforms.Build.0 = Debug|Any CPU
		{2C3F3FC7-769A-4C70-AF20-5409BEA0A191}.Debug|x86.ActiveCfg = Debug|Any CPU
		{2C3F3FC7-769A-4C70-AF20-5409BEA0A191}.MATRIX|Any CPU.ActiveCfg = MATRIX|Any CPU
		{2C3F3FC7-769A-4C70-AF20-5409BEA0A191}.MATRIX|Any CPU.Build.0 = MATRIX|Any CPU
		{2C3F3FC7-769A-4C70-AF20-5409BEA0A191}.MATRIX|Mixed Platforms.ActiveCfg = MATRIX|Any CPU
		{2C3F3FC7-769A-4C70-AF20-5409BEA0A191}.MATRIX|Mixed Platforms.Build.0 = MATRIX|Any CPU
		{2C3F3FC7-769A-4C70-AF20-5409BEA0A191}.MATRIX|x86.ActiveCfg = MATRIX|Any CPU
		{2C3F3FC7-769A-4C70-AF20-5409BEA0A191}.PARTHENON|Any CPU.ActiveCfg = PARTHENON|Any CPU
		{2C3F3FC7-769A-4C70-AF20-5409BEA0A191}.PARTHENON|Any CPU.Build.0 = PARTHENON|Any CPU
		{2C3F3FC7-769A-4C70-AF20-5409BEA0A191}.PARTHENON|Mixed Platforms.ActiveCfg = PARTHENON|Any CPU
		{2C3F3FC7-769A-4C70-AF20-5409BEA0A191}.PARTHENON|Mixed Platforms.Build.0 = PARTHENON|Any CPU
		{2C3F3FC7-769A-4C70-AF20-5409BEA0A191}.PARTHENON|x86.ActiveCfg = PARTHENON|Any CPU
		{2C3F3FC7-769A-4C70-AF20-5409BEA0A191}.Release|Any CPU.ActiveCfg = Release|Any CPU
		{2C3F3FC7-769A-4C70-AF20-5409BEA0A191}.Release|Any CPU.Build.0 = Release|Any CPU
		{2C3F3FC7-769A-4C70-AF20-5409BEA0A191}.Release|Mixed Platforms.ActiveCfg = Release|Any CPU
		{2C3F3FC7-769A-4C70-AF20-5409BEA0A191}.Release|Mixed Platforms.Build.0 = Release|Any CPU
		{2C3F3FC7-769A-4C70-AF20-5409BEA0A191}.Release|x86.ActiveCfg = Release|Any CPU
		{2C3F3FC7-769A-4C70-AF20-5409BEA0A191}.Testing|Any CPU.ActiveCfg = Release|Any CPU
		{2C3F3FC7-769A-4C70-AF20-5409BEA0A191}.Testing|Any CPU.Build.0 = Release|Any CPU
		{2C3F3FC7-769A-4C70-AF20-5409BEA0A191}.Testing|Mixed Platforms.ActiveCfg = Release|Any CPU
		{2C3F3FC7-769A-4C70-AF20-5409BEA0A191}.Testing|Mixed Platforms.Build.0 = Release|Any CPU
		{2C3F3FC7-769A-4C70-AF20-5409BEA0A191}.Testing|x86.ActiveCfg = Release|Any CPU
		{2C3F3FC7-769A-4C70-AF20-5409BEA0A191}.TRON|Any CPU.ActiveCfg = TRON|Any CPU
		{2C3F3FC7-769A-4C70-AF20-5409BEA0A191}.TRON|Any CPU.Build.0 = TRON|Any CPU
		{2C3F3FC7-769A-4C70-AF20-5409BEA0A191}.TRON|Mixed Platforms.ActiveCfg = TRON|Any CPU
		{2C3F3FC7-769A-4C70-AF20-5409BEA0A191}.TRON|Mixed Platforms.Build.0 = TRON|Any CPU
		{2C3F3FC7-769A-4C70-AF20-5409BEA0A191}.TRON|x86.ActiveCfg = TRON|Any CPU
		{A42A0094-1914-47C7-92D7-BC05583AEE33}.A097912X0P|Any CPU.ActiveCfg = TRON|Any CPU
		{A42A0094-1914-47C7-92D7-BC05583AEE33}.A097912X0P|Any CPU.Build.0 = TRON|Any CPU
		{A42A0094-1914-47C7-92D7-BC05583AEE33}.A097912X0P|Mixed Platforms.ActiveCfg = TRON|Any CPU
		{A42A0094-1914-47C7-92D7-BC05583AEE33}.A097912X0P|Mixed Platforms.Build.0 = TRON|Any CPU
		{A42A0094-1914-47C7-92D7-BC05583AEE33}.A097912X0P|x86.ActiveCfg = TRON|Any CPU
		{A42A0094-1914-47C7-92D7-BC05583AEE33}.CHRDEV2|Any CPU.ActiveCfg = CHRDEV2|Any CPU
		{A42A0094-1914-47C7-92D7-BC05583AEE33}.CHRDEV2|Any CPU.Build.0 = CHRDEV2|Any CPU
		{A42A0094-1914-47C7-92D7-BC05583AEE33}.CHRDEV2|Mixed Platforms.ActiveCfg = CHRDEV2|Any CPU
		{A42A0094-1914-47C7-92D7-BC05583AEE33}.CHRDEV2|Mixed Platforms.Build.0 = CHRDEV2|Any CPU
		{A42A0094-1914-47C7-92D7-BC05583AEE33}.CHRDEV2|x86.ActiveCfg = CHRDEV2|Any CPU
		{A42A0094-1914-47C7-92D7-BC05583AEE33}.Debug|Any CPU.ActiveCfg = Debug|Any CPU
		{A42A0094-1914-47C7-92D7-BC05583AEE33}.Debug|Any CPU.Build.0 = Debug|Any CPU
		{A42A0094-1914-47C7-92D7-BC05583AEE33}.Debug|Mixed Platforms.ActiveCfg = Debug|Any CPU
		{A42A0094-1914-47C7-92D7-BC05583AEE33}.Debug|Mixed Platforms.Build.0 = Debug|Any CPU
		{A42A0094-1914-47C7-92D7-BC05583AEE33}.Debug|x86.ActiveCfg = Debug|Any CPU
		{A42A0094-1914-47C7-92D7-BC05583AEE33}.MATRIX|Any CPU.ActiveCfg = MATRIX|Any CPU
		{A42A0094-1914-47C7-92D7-BC05583AEE33}.MATRIX|Any CPU.Build.0 = MATRIX|Any CPU
		{A42A0094-1914-47C7-92D7-BC05583AEE33}.MATRIX|Mixed Platforms.ActiveCfg = MATRIX|Any CPU
		{A42A0094-1914-47C7-92D7-BC05583AEE33}.MATRIX|Mixed Platforms.Build.0 = MATRIX|Any CPU
		{A42A0094-1914-47C7-92D7-BC05583AEE33}.MATRIX|x86.ActiveCfg = MATRIX|Any CPU
		{A42A0094-1914-47C7-92D7-BC05583AEE33}.PARTHENON|Any CPU.ActiveCfg = PARTHENON|Any CPU
		{A42A0094-1914-47C7-92D7-BC05583AEE33}.PARTHENON|Any CPU.Build.0 = PARTHENON|Any CPU
		{A42A0094-1914-47C7-92D7-BC05583AEE33}.PARTHENON|Mixed Platforms.ActiveCfg = PARTHENON|Any CPU
		{A42A0094-1914-47C7-92D7-BC05583AEE33}.PARTHENON|Mixed Platforms.Build.0 = PARTHENON|Any CPU
		{A42A0094-1914-47C7-92D7-BC05583AEE33}.PARTHENON|x86.ActiveCfg = PARTHENON|Any CPU
		{A42A0094-1914-47C7-92D7-BC05583AEE33}.Release|Any CPU.ActiveCfg = Release|Any CPU
		{A42A0094-1914-47C7-92D7-BC05583AEE33}.Release|Any CPU.Build.0 = Release|Any CPU
		{A42A0094-1914-47C7-92D7-BC05583AEE33}.Release|Mixed Platforms.ActiveCfg = Release|Any CPU
		{A42A0094-1914-47C7-92D7-BC05583AEE33}.Release|Mixed Platforms.Build.0 = Release|Any CPU
		{A42A0094-1914-47C7-92D7-BC05583AEE33}.Release|x86.ActiveCfg = Release|Any CPU
		{A42A0094-1914-47C7-92D7-BC05583AEE33}.Testing|Any CPU.ActiveCfg = Release|Any CPU
		{A42A0094-1914-47C7-92D7-BC05583AEE33}.Testing|Any CPU.Build.0 = Release|Any CPU
		{A42A0094-1914-47C7-92D7-BC05583AEE33}.Testing|Mixed Platforms.ActiveCfg = Release|Any CPU
		{A42A0094-1914-47C7-92D7-BC05583AEE33}.Testing|Mixed Platforms.Build.0 = Release|Any CPU
		{A42A0094-1914-47C7-92D7-BC05583AEE33}.Testing|x86.ActiveCfg = Release|Any CPU
		{A42A0094-1914-47C7-92D7-BC05583AEE33}.TRON|Any CPU.ActiveCfg = TRON|Any CPU
		{A42A0094-1914-47C7-92D7-BC05583AEE33}.TRON|Any CPU.Build.0 = TRON|Any CPU
		{A42A0094-1914-47C7-92D7-BC05583AEE33}.TRON|Mixed Platforms.ActiveCfg = TRON|Any CPU
		{A42A0094-1914-47C7-92D7-BC05583AEE33}.TRON|Mixed Platforms.Build.0 = TRON|Any CPU
		{A42A0094-1914-47C7-92D7-BC05583AEE33}.TRON|x86.ActiveCfg = TRON|Any CPU
		{3339BF79-959F-4B43-BBAB-D39F3EAB900A}.A097912X0P|Any CPU.ActiveCfg = TRON|x86
		{3339BF79-959F-4B43-BBAB-D39F3EAB900A}.A097912X0P|Mixed Platforms.ActiveCfg = TRON|x86
		{3339BF79-959F-4B43-BBAB-D39F3EAB900A}.A097912X0P|Mixed Platforms.Build.0 = TRON|x86
		{3339BF79-959F-4B43-BBAB-D39F3EAB900A}.A097912X0P|x86.ActiveCfg = TRON|x86
		{3339BF79-959F-4B43-BBAB-D39F3EAB900A}.A097912X0P|x86.Build.0 = TRON|x86
		{3339BF79-959F-4B43-BBAB-D39F3EAB900A}.CHRDEV2|Any CPU.ActiveCfg = CHRDEV2|x86
		{3339BF79-959F-4B43-BBAB-D39F3EAB900A}.CHRDEV2|Mixed Platforms.ActiveCfg = CHRDEV2|x86
		{3339BF79-959F-4B43-BBAB-D39F3EAB900A}.CHRDEV2|Mixed Platforms.Build.0 = CHRDEV2|x86
		{3339BF79-959F-4B43-BBAB-D39F3EAB900A}.CHRDEV2|x86.ActiveCfg = CHRDEV2|x86
		{3339BF79-959F-4B43-BBAB-D39F3EAB900A}.CHRDEV2|x86.Build.0 = CHRDEV2|x86
		{3339BF79-959F-4B43-BBAB-D39F3EAB900A}.Debug|Any CPU.ActiveCfg = Debug|x86
		{3339BF79-959F-4B43-BBAB-D39F3EAB900A}.Debug|Mixed Platforms.ActiveCfg = Debug|x86
		{3339BF79-959F-4B43-BBAB-D39F3EAB900A}.Debug|Mixed Platforms.Build.0 = Debug|x86
		{3339BF79-959F-4B43-BBAB-D39F3EAB900A}.Debug|x86.ActiveCfg = Debug|x86
		{3339BF79-959F-4B43-BBAB-D39F3EAB900A}.Debug|x86.Build.0 = Debug|x86
		{3339BF79-959F-4B43-BBAB-D39F3EAB900A}.MATRIX|Any CPU.ActiveCfg = MATRIX|x86
		{3339BF79-959F-4B43-BBAB-D39F3EAB900A}.MATRIX|Mixed Platforms.ActiveCfg = MATRIX|x86
		{3339BF79-959F-4B43-BBAB-D39F3EAB900A}.MATRIX|Mixed Platforms.Build.0 = MATRIX|x86
		{3339BF79-959F-4B43-BBAB-D39F3EAB900A}.MATRIX|x86.ActiveCfg = MATRIX|x86
		{3339BF79-959F-4B43-BBAB-D39F3EAB900A}.MATRIX|x86.Build.0 = MATRIX|x86
		{3339BF79-959F-4B43-BBAB-D39F3EAB900A}.PARTHENON|Any CPU.ActiveCfg = PARTHENON|x86
		{3339BF79-959F-4B43-BBAB-D39F3EAB900A}.PARTHENON|Mixed Platforms.ActiveCfg = PARTHENON|x86
		{3339BF79-959F-4B43-BBAB-D39F3EAB900A}.PARTHENON|Mixed Platforms.Build.0 = PARTHENON|x86
		{3339BF79-959F-4B43-BBAB-D39F3EAB900A}.PARTHENON|x86.ActiveCfg = PARTHENON|x86
		{3339BF79-959F-4B43-BBAB-D39F3EAB900A}.PARTHENON|x86.Build.0 = PARTHENON|x86
		{3339BF79-959F-4B43-BBAB-D39F3EAB900A}.Release|Any CPU.ActiveCfg = Release|x86
		{3339BF79-959F-4B43-BBAB-D39F3EAB900A}.Release|Mixed Platforms.ActiveCfg = Release|x86
		{3339BF79-959F-4B43-BBAB-D39F3EAB900A}.Release|Mixed Platforms.Build.0 = Release|x86
		{3339BF79-959F-4B43-BBAB-D39F3EAB900A}.Release|x86.ActiveCfg = Release|x86
		{3339BF79-959F-4B43-BBAB-D39F3EAB900A}.Release|x86.Build.0 = Release|x86
		{3339BF79-959F-4B43-BBAB-D39F3EAB900A}.Testing|Any CPU.ActiveCfg = Release|x86
		{3339BF79-959F-4B43-BBAB-D39F3EAB900A}.Testing|Mixed Platforms.ActiveCfg = Release|x86
		{3339BF79-959F-4B43-BBAB-D39F3EAB900A}.Testing|Mixed Platforms.Build.0 = Release|x86
		{3339BF79-959F-4B43-BBAB-D39F3EAB900A}.Testing|x86.ActiveCfg = Release|x86
		{3339BF79-959F-4B43-BBAB-D39F3EAB900A}.Testing|x86.Build.0 = Release|x86
		{3339BF79-959F-4B43-BBAB-D39F3EAB900A}.TRON|Any CPU.ActiveCfg = TRON|x86
		{3339BF79-959F-4B43-BBAB-D39F3EAB900A}.TRON|Mixed Platforms.ActiveCfg = TRON|x86
		{3339BF79-959F-4B43-BBAB-D39F3EAB900A}.TRON|Mixed Platforms.Build.0 = TRON|x86
		{3339BF79-959F-4B43-BBAB-D39F3EAB900A}.TRON|x86.ActiveCfg = TRON|x86
		{3339BF79-959F-4B43-BBAB-D39F3EAB900A}.TRON|x86.Build.0 = TRON|x86
		{67CBC824-A49E-4E9B-A947-360F3DFE65C3}.A097912X0P|Any CPU.ActiveCfg = A097912X0P|Any CPU
		{67CBC824-A49E-4E9B-A947-360F3DFE65C3}.A097912X0P|Any CPU.Build.0 = A097912X0P|Any CPU
		{67CBC824-A49E-4E9B-A947-360F3DFE65C3}.A097912X0P|Any CPU.Deploy.0 = A097912X0P|Any CPU
		{67CBC824-A49E-4E9B-A947-360F3DFE65C3}.A097912X0P|Mixed Platforms.ActiveCfg = A097912X0P|Any CPU
		{67CBC824-A49E-4E9B-A947-360F3DFE65C3}.A097912X0P|Mixed Platforms.Build.0 = A097912X0P|Any CPU
		{67CBC824-A49E-4E9B-A947-360F3DFE65C3}.A097912X0P|Mixed Platforms.Deploy.0 = A097912X0P|Any CPU
		{67CBC824-A49E-4E9B-A947-360F3DFE65C3}.A097912X0P|x86.ActiveCfg = A097912X0P|Any CPU
		{67CBC824-A49E-4E9B-A947-360F3DFE65C3}.CHRDEV2|Any CPU.ActiveCfg = CHRDEV2|Any CPU
		{67CBC824-A49E-4E9B-A947-360F3DFE65C3}.CHRDEV2|Any CPU.Build.0 = CHRDEV2|Any CPU
		{67CBC824-A49E-4E9B-A947-360F3DFE65C3}.CHRDEV2|Any CPU.Deploy.0 = CHRDEV2|Any CPU
		{67CBC824-A49E-4E9B-A947-360F3DFE65C3}.CHRDEV2|Mixed Platforms.ActiveCfg = CHRDEV2|Any CPU
		{67CBC824-A49E-4E9B-A947-360F3DFE65C3}.CHRDEV2|Mixed Platforms.Build.0 = CHRDEV2|Any CPU
		{67CBC824-A49E-4E9B-A947-360F3DFE65C3}.CHRDEV2|Mixed Platforms.Deploy.0 = CHRDEV2|Any CPU
		{67CBC824-A49E-4E9B-A947-360F3DFE65C3}.CHRDEV2|x86.ActiveCfg = CHRDEV2|Any CPU
		{67CBC824-A49E-4E9B-A947-360F3DFE65C3}.Debug|Any CPU.ActiveCfg = Debug|Any CPU
		{67CBC824-A49E-4E9B-A947-360F3DFE65C3}.Debug|Any CPU.Build.0 = Debug|Any CPU
		{67CBC824-A49E-4E9B-A947-360F3DFE65C3}.Debug|Any CPU.Deploy.0 = Debug|Any CPU
		{67CBC824-A49E-4E9B-A947-360F3DFE65C3}.Debug|Mixed Platforms.ActiveCfg = Debug|Any CPU
		{67CBC824-A49E-4E9B-A947-360F3DFE65C3}.Debug|Mixed Platforms.Build.0 = Debug|Any CPU
		{67CBC824-A49E-4E9B-A947-360F3DFE65C3}.Debug|Mixed Platforms.Deploy.0 = Debug|Any CPU
		{67CBC824-A49E-4E9B-A947-360F3DFE65C3}.Debug|x86.ActiveCfg = Debug|Any CPU
		{67CBC824-A49E-4E9B-A947-360F3DFE65C3}.MATRIX|Any CPU.ActiveCfg = MATRIX|Any CPU
		{67CBC824-A49E-4E9B-A947-360F3DFE65C3}.MATRIX|Any CPU.Build.0 = MATRIX|Any CPU
		{67CBC824-A49E-4E9B-A947-360F3DFE65C3}.MATRIX|Any CPU.Deploy.0 = MATRIX|Any CPU
		{67CBC824-A49E-4E9B-A947-360F3DFE65C3}.MATRIX|Mixed Platforms.ActiveCfg = MATRIX|Any CPU
		{67CBC824-A49E-4E9B-A947-360F3DFE65C3}.MATRIX|Mixed Platforms.Build.0 = MATRIX|Any CPU
		{67CBC824-A49E-4E9B-A947-360F3DFE65C3}.MATRIX|Mixed Platforms.Deploy.0 = MATRIX|Any CPU
		{67CBC824-A49E-4E9B-A947-360F3DFE65C3}.MATRIX|x86.ActiveCfg = MATRIX|Any CPU
		{67CBC824-A49E-4E9B-A947-360F3DFE65C3}.PARTHENON|Any CPU.ActiveCfg = PARTHENON|Any CPU
		{67CBC824-A49E-4E9B-A947-360F3DFE65C3}.PARTHENON|Any CPU.Build.0 = PARTHENON|Any CPU
		{67CBC824-A49E-4E9B-A947-360F3DFE65C3}.PARTHENON|Any CPU.Deploy.0 = PARTHENON|Any CPU
		{67CBC824-A49E-4E9B-A947-360F3DFE65C3}.PARTHENON|Mixed Platforms.ActiveCfg = PARTHENON|Any CPU
		{67CBC824-A49E-4E9B-A947-360F3DFE65C3}.PARTHENON|Mixed Platforms.Build.0 = PARTHENON|Any CPU
		{67CBC824-A49E-4E9B-A947-360F3DFE65C3}.PARTHENON|Mixed Platforms.Deploy.0 = PARTHENON|Any CPU
		{67CBC824-A49E-4E9B-A947-360F3DFE65C3}.PARTHENON|x86.ActiveCfg = PARTHENON|Any CPU
		{67CBC824-A49E-4E9B-A947-360F3DFE65C3}.Release|Any CPU.ActiveCfg = Release|Any CPU
		{67CBC824-A49E-4E9B-A947-360F3DFE65C3}.Release|Any CPU.Build.0 = Release|Any CPU
		{67CBC824-A49E-4E9B-A947-360F3DFE65C3}.Release|Any CPU.Deploy.0 = Release|Any CPU
		{67CBC824-A49E-4E9B-A947-360F3DFE65C3}.Release|Mixed Platforms.ActiveCfg = Release|Any CPU
		{67CBC824-A49E-4E9B-A947-360F3DFE65C3}.Release|Mixed Platforms.Build.0 = Release|Any CPU
		{67CBC824-A49E-4E9B-A947-360F3DFE65C3}.Release|Mixed Platforms.Deploy.0 = Release|Any CPU
		{67CBC824-A49E-4E9B-A947-360F3DFE65C3}.Release|x86.ActiveCfg = Release|Any CPU
		{67CBC824-A49E-4E9B-A947-360F3DFE65C3}.Testing|Any CPU.ActiveCfg = Debug|Any CPU
		{67CBC824-A49E-4E9B-A947-360F3DFE65C3}.Testing|Any CPU.Build.0 = Debug|Any CPU
		{67CBC824-A49E-4E9B-A947-360F3DFE65C3}.Testing|Any CPU.Deploy.0 = Debug|Any CPU
		{67CBC824-A49E-4E9B-A947-360F3DFE65C3}.Testing|Mixed Platforms.ActiveCfg = Debug|Any CPU
		{67CBC824-A49E-4E9B-A947-360F3DFE65C3}.Testing|Mixed Platforms.Build.0 = Debug|Any CPU
		{67CBC824-A49E-4E9B-A947-360F3DFE65C3}.Testing|Mixed Platforms.Deploy.0 = Debug|Any CPU
		{67CBC824-A49E-4E9B-A947-360F3DFE65C3}.Testing|x86.ActiveCfg = Debug|Any CPU
		{67CBC824-A49E-4E9B-A947-360F3DFE65C3}.TRON|Any CPU.ActiveCfg = TRON|Any CPU
		{67CBC824-A49E-4E9B-A947-360F3DFE65C3}.TRON|Any CPU.Build.0 = TRON|Any CPU
		{67CBC824-A49E-4E9B-A947-360F3DFE65C3}.TRON|Any CPU.Deploy.0 = TRON|Any CPU
		{67CBC824-A49E-4E9B-A947-360F3DFE65C3}.TRON|Mixed Platforms.ActiveCfg = TRON|Any CPU
		{67CBC824-A49E-4E9B-A947-360F3DFE65C3}.TRON|x86.ActiveCfg = TRON|Any CPU
		{4A6BDD7F-BD50-4232-BDDA-0B082599666A}.A097912X0P|Any CPU.ActiveCfg = TRON|Any CPU
		{4A6BDD7F-BD50-4232-BDDA-0B082599666A}.A097912X0P|Any CPU.Build.0 = TRON|Any CPU
		{4A6BDD7F-BD50-4232-BDDA-0B082599666A}.A097912X0P|Mixed Platforms.ActiveCfg = TRON|Any CPU
		{4A6BDD7F-BD50-4232-BDDA-0B082599666A}.A097912X0P|Mixed Platforms.Build.0 = TRON|Any CPU
		{4A6BDD7F-BD50-4232-BDDA-0B082599666A}.A097912X0P|x86.ActiveCfg = TRON|Any CPU
		{4A6BDD7F-BD50-4232-BDDA-0B082599666A}.CHRDEV2|Any CPU.ActiveCfg = CHRDEV2|Any CPU
		{4A6BDD7F-BD50-4232-BDDA-0B082599666A}.CHRDEV2|Any CPU.Build.0 = CHRDEV2|Any CPU
		{4A6BDD7F-BD50-4232-BDDA-0B082599666A}.CHRDEV2|Mixed Platforms.ActiveCfg = CHRDEV2|Any CPU
		{4A6BDD7F-BD50-4232-BDDA-0B082599666A}.CHRDEV2|Mixed Platforms.Build.0 = CHRDEV2|Any CPU
		{4A6BDD7F-BD50-4232-BDDA-0B082599666A}.CHRDEV2|x86.ActiveCfg = CHRDEV2|Any CPU
		{4A6BDD7F-BD50-4232-BDDA-0B082599666A}.Debug|Any CPU.ActiveCfg = Debug|Any CPU
		{4A6BDD7F-BD50-4232-BDDA-0B082599666A}.Debug|Any CPU.Build.0 = Debug|Any CPU
		{4A6BDD7F-BD50-4232-BDDA-0B082599666A}.Debug|Mixed Platforms.ActiveCfg = Debug|Any CPU
		{4A6BDD7F-BD50-4232-BDDA-0B082599666A}.Debug|Mixed Platforms.Build.0 = Debug|Any CPU
		{4A6BDD7F-BD50-4232-BDDA-0B082599666A}.Debug|x86.ActiveCfg = Debug|Any CPU
		{4A6BDD7F-BD50-4232-BDDA-0B082599666A}.MATRIX|Any CPU.ActiveCfg = MATRIX|Any CPU
		{4A6BDD7F-BD50-4232-BDDA-0B082599666A}.MATRIX|Any CPU.Build.0 = MATRIX|Any CPU
		{4A6BDD7F-BD50-4232-BDDA-0B082599666A}.MATRIX|Mixed Platforms.ActiveCfg = MATRIX|Any CPU
		{4A6BDD7F-BD50-4232-BDDA-0B082599666A}.MATRIX|Mixed Platforms.Build.0 = MATRIX|Any CPU
		{4A6BDD7F-BD50-4232-BDDA-0B082599666A}.MATRIX|x86.ActiveCfg = MATRIX|Any CPU
		{4A6BDD7F-BD50-4232-BDDA-0B082599666A}.PARTHENON|Any CPU.ActiveCfg = PARTHENON|Any CPU
		{4A6BDD7F-BD50-4232-BDDA-0B082599666A}.PARTHENON|Any CPU.Build.0 = PARTHENON|Any CPU
		{4A6BDD7F-BD50-4232-BDDA-0B082599666A}.PARTHENON|Mixed Platforms.ActiveCfg = PARTHENON|Any CPU
		{4A6BDD7F-BD50-4232-BDDA-0B082599666A}.PARTHENON|Mixed Platforms.Build.0 = PARTHENON|Any CPU
		{4A6BDD7F-BD50-4232-BDDA-0B082599666A}.PARTHENON|x86.ActiveCfg = PARTHENON|Any CPU
		{4A6BDD7F-BD50-4232-BDDA-0B082599666A}.Release|Any CPU.ActiveCfg = Release|Any CPU
		{4A6BDD7F-BD50-4232-BDDA-0B082599666A}.Release|Any CPU.Build.0 = Release|Any CPU
		{4A6BDD7F-BD50-4232-BDDA-0B082599666A}.Release|Mixed Platforms.ActiveCfg = Release|Any CPU
		{4A6BDD7F-BD50-4232-BDDA-0B082599666A}.Release|Mixed Platforms.Build.0 = Release|Any CPU
		{4A6BDD7F-BD50-4232-BDDA-0B082599666A}.Release|x86.ActiveCfg = Release|Any CPU
		{4A6BDD7F-BD50-4232-BDDA-0B082599666A}.Testing|Any CPU.ActiveCfg = Release|Any CPU
		{4A6BDD7F-BD50-4232-BDDA-0B082599666A}.Testing|Any CPU.Build.0 = Release|Any CPU
		{4A6BDD7F-BD50-4232-BDDA-0B082599666A}.Testing|Mixed Platforms.ActiveCfg = Release|Any CPU
		{4A6BDD7F-BD50-4232-BDDA-0B082599666A}.Testing|Mixed Platforms.Build.0 = Release|Any CPU
		{4A6BDD7F-BD50-4232-BDDA-0B082599666A}.Testing|x86.ActiveCfg = Release|Any CPU
		{4A6BDD7F-BD50-4232-BDDA-0B082599666A}.TRON|Any CPU.ActiveCfg = TRON|Any CPU
		{4A6BDD7F-BD50-4232-BDDA-0B082599666A}.TRON|Any CPU.Build.0 = TRON|Any CPU
		{4A6BDD7F-BD50-4232-BDDA-0B082599666A}.TRON|Mixed Platforms.ActiveCfg = TRON|Any CPU
		{4A6BDD7F-BD50-4232-BDDA-0B082599666A}.TRON|Mixed Platforms.Build.0 = TRON|Any CPU
		{4A6BDD7F-BD50-4232-BDDA-0B082599666A}.TRON|x86.ActiveCfg = TRON|Any CPU
		{E2F828A2-48F6-4088-BEEE-8727739244B9}.A097912X0P|Any CPU.ActiveCfg = Release|x86
		{E2F828A2-48F6-4088-BEEE-8727739244B9}.A097912X0P|Mixed Platforms.ActiveCfg = Release|x86
		{E2F828A2-48F6-4088-BEEE-8727739244B9}.A097912X0P|Mixed Platforms.Build.0 = Release|x86
		{E2F828A2-48F6-4088-BEEE-8727739244B9}.A097912X0P|x86.ActiveCfg = Release|x86
		{E2F828A2-48F6-4088-BEEE-8727739244B9}.A097912X0P|x86.Build.0 = Release|x86
		{E2F828A2-48F6-4088-BEEE-8727739244B9}.CHRDEV2|Any CPU.ActiveCfg = CHRDEV2|x86
		{E2F828A2-48F6-4088-BEEE-8727739244B9}.CHRDEV2|Mixed Platforms.ActiveCfg = CHRDEV2|x86
		{E2F828A2-48F6-4088-BEEE-8727739244B9}.CHRDEV2|Mixed Platforms.Build.0 = CHRDEV2|x86
		{E2F828A2-48F6-4088-BEEE-8727739244B9}.CHRDEV2|x86.ActiveCfg = CHRDEV2|x86
		{E2F828A2-48F6-4088-BEEE-8727739244B9}.CHRDEV2|x86.Build.0 = CHRDEV2|x86
		{E2F828A2-48F6-4088-BEEE-8727739244B9}.Debug|Any CPU.ActiveCfg = Debug|x86
		{E2F828A2-48F6-4088-BEEE-8727739244B9}.Debug|Mixed Platforms.ActiveCfg = Debug|x86
		{E2F828A2-48F6-4088-BEEE-8727739244B9}.Debug|Mixed Platforms.Build.0 = Debug|x86
		{E2F828A2-48F6-4088-BEEE-8727739244B9}.Debug|x86.ActiveCfg = Debug|x86
		{E2F828A2-48F6-4088-BEEE-8727739244B9}.Debug|x86.Build.0 = Debug|x86
		{E2F828A2-48F6-4088-BEEE-8727739244B9}.MATRIX|Any CPU.ActiveCfg = Release|x86
		{E2F828A2-48F6-4088-BEEE-8727739244B9}.MATRIX|Mixed Platforms.ActiveCfg = Release|x86
		{E2F828A2-48F6-4088-BEEE-8727739244B9}.MATRIX|Mixed Platforms.Build.0 = Release|x86
		{E2F828A2-48F6-4088-BEEE-8727739244B9}.MATRIX|x86.ActiveCfg = Release|x86
		{E2F828A2-48F6-4088-BEEE-8727739244B9}.MATRIX|x86.Build.0 = Release|x86
		{E2F828A2-48F6-4088-BEEE-8727739244B9}.PARTHENON|Any CPU.ActiveCfg = Release|x86
		{E2F828A2-48F6-4088-BEEE-8727739244B9}.PARTHENON|Mixed Platforms.ActiveCfg = Release|x86
		{E2F828A2-48F6-4088-BEEE-8727739244B9}.PARTHENON|Mixed Platforms.Build.0 = Release|x86
		{E2F828A2-48F6-4088-BEEE-8727739244B9}.PARTHENON|x86.ActiveCfg = Release|x86
		{E2F828A2-48F6-4088-BEEE-8727739244B9}.PARTHENON|x86.Build.0 = Release|x86
		{E2F828A2-48F6-4088-BEEE-8727739244B9}.Release|Any CPU.ActiveCfg = Release|x86
		{E2F828A2-48F6-4088-BEEE-8727739244B9}.Release|Mixed Platforms.ActiveCfg = Release|x86
		{E2F828A2-48F6-4088-BEEE-8727739244B9}.Release|Mixed Platforms.Build.0 = Release|x86
		{E2F828A2-48F6-4088-BEEE-8727739244B9}.Release|x86.ActiveCfg = Release|x86
		{E2F828A2-48F6-4088-BEEE-8727739244B9}.Release|x86.Build.0 = Release|x86
		{E2F828A2-48F6-4088-BEEE-8727739244B9}.Testing|Any CPU.ActiveCfg = Release|x86
		{E2F828A2-48F6-4088-BEEE-8727739244B9}.Testing|Mixed Platforms.ActiveCfg = Release|x86
		{E2F828A2-48F6-4088-BEEE-8727739244B9}.Testing|Mixed Platforms.Build.0 = Release|x86
		{E2F828A2-48F6-4088-BEEE-8727739244B9}.Testing|x86.ActiveCfg = Release|x86
		{E2F828A2-48F6-4088-BEEE-8727739244B9}.Testing|x86.Build.0 = Release|x86
		{E2F828A2-48F6-4088-BEEE-8727739244B9}.TRON|Any CPU.ActiveCfg = Release|x86
		{E2F828A2-48F6-4088-BEEE-8727739244B9}.TRON|Mixed Platforms.ActiveCfg = Release|x86
		{E2F828A2-48F6-4088-BEEE-8727739244B9}.TRON|Mixed Platforms.Build.0 = Release|x86
		{E2F828A2-48F6-4088-BEEE-8727739244B9}.TRON|x86.ActiveCfg = Release|x86
		{E2F828A2-48F6-4088-BEEE-8727739244B9}.TRON|x86.Build.0 = Release|x86
		{9DA591ED-C570-47AC-8E5D-35B039E07973}.A097912X0P|Any CPU.ActiveCfg = Testing|Any CPU
		{9DA591ED-C570-47AC-8E5D-35B039E07973}.A097912X0P|Any CPU.Build.0 = Testing|Any CPU
		{9DA591ED-C570-47AC-8E5D-35B039E07973}.A097912X0P|Mixed Platforms.ActiveCfg = Testing|Any CPU
		{9DA591ED-C570-47AC-8E5D-35B039E07973}.A097912X0P|Mixed Platforms.Build.0 = Testing|Any CPU
		{9DA591ED-C570-47AC-8E5D-35B039E07973}.A097912X0P|x86.ActiveCfg = Testing|Any CPU
		{9DA591ED-C570-47AC-8E5D-35B039E07973}.CHRDEV2|Any CPU.ActiveCfg = Release|Any CPU
		{9DA591ED-C570-47AC-8E5D-35B039E07973}.CHRDEV2|Mixed Platforms.ActiveCfg = Release|Any CPU
		{9DA591ED-C570-47AC-8E5D-35B039E07973}.CHRDEV2|x86.ActiveCfg = Release|Any CPU
		{9DA591ED-C570-47AC-8E5D-35B039E07973}.Debug|Any CPU.ActiveCfg = Debug|Any CPU
		{9DA591ED-C570-47AC-8E5D-35B039E07973}.Debug|Any CPU.Build.0 = Debug|Any CPU
		{9DA591ED-C570-47AC-8E5D-35B039E07973}.Debug|Mixed Platforms.ActiveCfg = Debug|Any CPU
		{9DA591ED-C570-47AC-8E5D-35B039E07973}.Debug|Mixed Platforms.Build.0 = Debug|Any CPU
		{9DA591ED-C570-47AC-8E5D-35B039E07973}.Debug|x86.ActiveCfg = Debug|Any CPU
		{9DA591ED-C570-47AC-8E5D-35B039E07973}.MATRIX|Any CPU.ActiveCfg = Testing|Any CPU
		{9DA591ED-C570-47AC-8E5D-35B039E07973}.MATRIX|Any CPU.Build.0 = Testing|Any CPU
		{9DA591ED-C570-47AC-8E5D-35B039E07973}.MATRIX|Mixed Platforms.ActiveCfg = Testing|Any CPU
		{9DA591ED-C570-47AC-8E5D-35B039E07973}.MATRIX|Mixed Platforms.Build.0 = Testing|Any CPU
		{9DA591ED-C570-47AC-8E5D-35B039E07973}.MATRIX|x86.ActiveCfg = Testing|Any CPU
		{9DA591ED-C570-47AC-8E5D-35B039E07973}.PARTHENON|Any CPU.ActiveCfg = Testing|Any CPU
		{9DA591ED-C570-47AC-8E5D-35B039E07973}.PARTHENON|Any CPU.Build.0 = Testing|Any CPU
		{9DA591ED-C570-47AC-8E5D-35B039E07973}.PARTHENON|Mixed Platforms.ActiveCfg = Testing|Any CPU
		{9DA591ED-C570-47AC-8E5D-35B039E07973}.PARTHENON|Mixed Platforms.Build.0 = Testing|Any CPU
		{9DA591ED-C570-47AC-8E5D-35B039E07973}.PARTHENON|x86.ActiveCfg = Testing|Any CPU
		{9DA591ED-C570-47AC-8E5D-35B039E07973}.Release|Any CPU.ActiveCfg = Release|Any CPU
		{9DA591ED-C570-47AC-8E5D-35B039E07973}.Release|Any CPU.Build.0 = Release|Any CPU
		{9DA591ED-C570-47AC-8E5D-35B039E07973}.Release|Mixed Platforms.ActiveCfg = Release|Any CPU
		{9DA591ED-C570-47AC-8E5D-35B039E07973}.Release|Mixed Platforms.Build.0 = Release|Any CPU
		{9DA591ED-C570-47AC-8E5D-35B039E07973}.Release|x86.ActiveCfg = Release|Any CPU
		{9DA591ED-C570-47AC-8E5D-35B039E07973}.Testing|Any CPU.ActiveCfg = Testing|Any CPU
		{9DA591ED-C570-47AC-8E5D-35B039E07973}.Testing|Any CPU.Build.0 = Testing|Any CPU
		{9DA591ED-C570-47AC-8E5D-35B039E07973}.Testing|Mixed Platforms.ActiveCfg = Testing|Any CPU
		{9DA591ED-C570-47AC-8E5D-35B039E07973}.Testing|Mixed Platforms.Build.0 = Testing|Any CPU
		{9DA591ED-C570-47AC-8E5D-35B039E07973}.Testing|x86.ActiveCfg = Testing|Any CPU
		{9DA591ED-C570-47AC-8E5D-35B039E07973}.TRON|Any CPU.ActiveCfg = Testing|Any CPU
		{9DA591ED-C570-47AC-8E5D-35B039E07973}.TRON|Any CPU.Build.0 = Testing|Any CPU
		{9DA591ED-C570-47AC-8E5D-35B039E07973}.TRON|Mixed Platforms.ActiveCfg = Testing|Any CPU
		{9DA591ED-C570-47AC-8E5D-35B039E07973}.TRON|Mixed Platforms.Build.0 = Testing|Any CPU
		{9DA591ED-C570-47AC-8E5D-35B039E07973}.TRON|x86.ActiveCfg = Testing|Any CPU
		{68CDC523-10BD-42FA-9AD2-E1F81C49DEAD}.A097912X0P|Any CPU.ActiveCfg = Release|Any CPU
		{68CDC523-10BD-42FA-9AD2-E1F81C49DEAD}.A097912X0P|Any CPU.Build.0 = Release|Any CPU
		{68CDC523-10BD-42FA-9AD2-E1F81C49DEAD}.A097912X0P|Mixed Platforms.ActiveCfg = Release|Any CPU
		{68CDC523-10BD-42FA-9AD2-E1F81C49DEAD}.A097912X0P|Mixed Platforms.Build.0 = Release|Any CPU
		{68CDC523-10BD-42FA-9AD2-E1F81C49DEAD}.A097912X0P|x86.ActiveCfg = Release|Any CPU
		{68CDC523-10BD-42FA-9AD2-E1F81C49DEAD}.CHRDEV2|Any CPU.ActiveCfg = CHRDEV2|Any CPU
		{68CDC523-10BD-42FA-9AD2-E1F81C49DEAD}.CHRDEV2|Any CPU.Build.0 = CHRDEV2|Any CPU
		{68CDC523-10BD-42FA-9AD2-E1F81C49DEAD}.CHRDEV2|Mixed Platforms.ActiveCfg = CHRDEV2|Any CPU
		{68CDC523-10BD-42FA-9AD2-E1F81C49DEAD}.CHRDEV2|Mixed Platforms.Build.0 = CHRDEV2|Any CPU
		{68CDC523-10BD-42FA-9AD2-E1F81C49DEAD}.CHRDEV2|x86.ActiveCfg = CHRDEV2|Any CPU
		{68CDC523-10BD-42FA-9AD2-E1F81C49DEAD}.Debug|Any CPU.ActiveCfg = Debug|Any CPU
		{68CDC523-10BD-42FA-9AD2-E1F81C49DEAD}.Debug|Any CPU.Build.0 = Debug|Any CPU
		{68CDC523-10BD-42FA-9AD2-E1F81C49DEAD}.Debug|Mixed Platforms.ActiveCfg = Debug|Any CPU
		{68CDC523-10BD-42FA-9AD2-E1F81C49DEAD}.Debug|Mixed Platforms.Build.0 = Debug|Any CPU
		{68CDC523-10BD-42FA-9AD2-E1F81C49DEAD}.Debug|x86.ActiveCfg = Debug|Any CPU
		{68CDC523-10BD-42FA-9AD2-E1F81C49DEAD}.MATRIX|Any CPU.ActiveCfg = Release|Any CPU
		{68CDC523-10BD-42FA-9AD2-E1F81C49DEAD}.MATRIX|Any CPU.Build.0 = Release|Any CPU
		{68CDC523-10BD-42FA-9AD2-E1F81C49DEAD}.MATRIX|Mixed Platforms.ActiveCfg = Release|Any CPU
		{68CDC523-10BD-42FA-9AD2-E1F81C49DEAD}.MATRIX|Mixed Platforms.Build.0 = Release|Any CPU
		{68CDC523-10BD-42FA-9AD2-E1F81C49DEAD}.MATRIX|x86.ActiveCfg = Release|Any CPU
		{68CDC523-10BD-42FA-9AD2-E1F81C49DEAD}.PARTHENON|Any CPU.ActiveCfg = Release|Any CPU
		{68CDC523-10BD-42FA-9AD2-E1F81C49DEAD}.PARTHENON|Any CPU.Build.0 = Release|Any CPU
		{68CDC523-10BD-42FA-9AD2-E1F81C49DEAD}.PARTHENON|Mixed Platforms.ActiveCfg = Release|Any CPU
		{68CDC523-10BD-42FA-9AD2-E1F81C49DEAD}.PARTHENON|Mixed Platforms.Build.0 = Release|Any CPU
		{68CDC523-10BD-42FA-9AD2-E1F81C49DEAD}.PARTHENON|x86.ActiveCfg = Release|Any CPU
		{68CDC523-10BD-42FA-9AD2-E1F81C49DEAD}.Release|Any CPU.ActiveCfg = Release|Any CPU
		{68CDC523-10BD-42FA-9AD2-E1F81C49DEAD}.Release|Any CPU.Build.0 = Release|Any CPU
		{68CDC523-10BD-42FA-9AD2-E1F81C49DEAD}.Release|Mixed Platforms.ActiveCfg = Release|Any CPU
		{68CDC523-10BD-42FA-9AD2-E1F81C49DEAD}.Release|Mixed Platforms.Build.0 = Release|Any CPU
		{68CDC523-10BD-42FA-9AD2-E1F81C49DEAD}.Release|x86.ActiveCfg = Release|Any CPU
		{68CDC523-10BD-42FA-9AD2-E1F81C49DEAD}.Testing|Any CPU.ActiveCfg = Release|Any CPU
		{68CDC523-10BD-42FA-9AD2-E1F81C49DEAD}.Testing|Any CPU.Build.0 = Release|Any CPU
		{68CDC523-10BD-42FA-9AD2-E1F81C49DEAD}.Testing|Mixed Platforms.ActiveCfg = Release|Any CPU
		{68CDC523-10BD-42FA-9AD2-E1F81C49DEAD}.Testing|Mixed Platforms.Build.0 = Release|Any CPU
		{68CDC523-10BD-42FA-9AD2-E1F81C49DEAD}.Testing|x86.ActiveCfg = Release|Any CPU
		{68CDC523-10BD-42FA-9AD2-E1F81C49DEAD}.TRON|Any CPU.ActiveCfg = Release|Any CPU
		{68CDC523-10BD-42FA-9AD2-E1F81C49DEAD}.TRON|Any CPU.Build.0 = Release|Any CPU
		{68CDC523-10BD-42FA-9AD2-E1F81C49DEAD}.TRON|Mixed Platforms.ActiveCfg = Release|Any CPU
		{68CDC523-10BD-42FA-9AD2-E1F81C49DEAD}.TRON|Mixed Platforms.Build.0 = Release|Any CPU
		{68CDC523-10BD-42FA-9AD2-E1F81C49DEAD}.TRON|x86.ActiveCfg = Release|Any CPU
	EndGlobalSection
	GlobalSection(SolutionProperties) = preSolution
		HideSolutionNode = FALSE
	EndGlobalSection
EndGlobal
