
Microsoft Visual Studio Solution File, Format Version 11.00
# Visual Studio 2010
Project("{FAE04EC0-301F-11D3-BF4B-00C04F79EFBC}") = "OATS", "OATS\OATS.csproj", "{E4551A78-13F7-4F62-A6C8-D775D7A970D8}"
EndProject
Project("{FAE04EC0-301F-11D3-BF4B-00C04F79EFBC}") = "ODB", "ODB\ODB\ODB.csproj", "{4A6BDD7F-BD50-4232-BDDA-0B082599666A}"
EndProject
Project("{C8D11400-126E-41CD-887F-60BD40844F9E}") = "ODB DB", "ODB\ODB DB\ODB DB.dbproj", "{67CBC824-A49E-4E9B-A947-360F3DFE65C3}"
EndProject
Project("{FAE04EC0-301F-11D3-BF4B-00C04F79EFBC}") = "ODB.DAL", "ODB\ODB.DAL\ODB.DAL.csproj", "{9C45E4B9-C2DF-4AAB-A748-38F50031641A}"
EndProject
Project("{FAE04EC0-301F-11D3-BF4B-00C04F79EFBC}") = "ODB.DAL.Mock", "ODB\ODB.DAL.Mock\ODB.DAL.Mock.csproj", "{2C3F3FC7-769A-4C70-AF20-5409BEA0A191}"
EndProject
Project("{FAE04EC0-301F-11D3-BF4B-00C04F79EFBC}") = "ODB.DAL.Sql", "ODB\ODB.DAL.Sql\ODB.DAL.Sql.csproj", "{A42A0094-1914-47C7-92D7-BC05583AEE33}"
EndProject
Project("{FAE04EC0-301F-11D3-BF4B-00C04F79EFBC}") = "ODB.Library", "ODB\ODB.Library\ODB.Library.csproj", "{5C042A96-815D-4492-ADA5-891406A84ECD}"
EndProject
Project("{FAE04EC0-301F-11D3-BF4B-00C04F79EFBC}") = "ODB.Schema", "ODB\ODB.Provision\ODB.Schema.csproj", "{B0BB284F-4062-4B71-98F3-C958CD1CB46B}"
EndProject
Project("{FAE04EC0-301F-11D3-BF4B-00C04F79EFBC}") = "ODB_Tester", "ODB\ODB_Tester\ODB_Tester.csproj", "{3339BF79-959F-4B43-BBAB-D39F3EAB900A}"
EndProject
Global
	GlobalSection(TeamFoundationVersionControl) = preSolution
		SccNumberOfProjects = 9
		SccEnterpriseProvider = {4CA58AB2-18FA-4F8D-95D4-32DDF27D184C}
		SccTeamFoundationServer = http://parthenon:8080/tfs/defaultcollection
		SccLocalPath0 = .
		SccProjectUniqueName1 = OATS\\OATS.csproj
		SccProjectName1 = OATS
		SccLocalPath1 = OATS
		SccProjectUniqueName2 = ODB\\ODB\\ODB.csproj
		SccProjectName2 = ODB/ODB
		SccLocalPath2 = ODB\\ODB
		SccProjectUniqueName3 = ODB\\ODB\u0020DB\\ODB\u0020DB.dbproj
		SccProjectName3 = ODB/ODB\u0020DB
		SccLocalPath3 = ODB\\ODB\u0020DB
		SccProjectUniqueName4 = ODB\\ODB.DAL\\ODB.DAL.csproj
		SccProjectName4 = ODB/ODB.DAL
		SccLocalPath4 = ODB\\ODB.DAL
		SccProjectUniqueName5 = ODB\\ODB.DAL.Mock\\ODB.DAL.Mock.csproj
		SccProjectName5 = ODB/ODB.DAL.Mock
		SccLocalPath5 = ODB\\ODB.DAL.Mock
		SccProjectUniqueName6 = ODB\\ODB.DAL.Sql\\ODB.DAL.Sql.csproj
		SccProjectName6 = ODB/ODB.DAL.Sql
		SccLocalPath6 = ODB\\ODB.DAL.Sql
		SccProjectUniqueName7 = ODB\\ODB.Library\\ODB.Library.csproj
		SccProjectName7 = ODB/ODB.Library
		SccLocalPath7 = ODB\\ODB.Library
		SccProjectUniqueName8 = ODB\\ODB_Tester\\ODB_Tester.csproj
		SccProjectName8 = ODB/ODB_Tester
		SccLocalPath8 = ODB\\ODB_Tester
	EndGlobalSection
	GlobalSection(SolutionConfigurationPlatforms) = preSolution
		Debug|Any CPU = Debug|Any CPU
		Debug|Mixed Platforms = Debug|Mixed Platforms
		Debug|x86 = Debug|x86
		MATRIX|Any CPU = MATRIX|Any CPU
		MATRIX|Mixed Platforms = MATRIX|Mixed Platforms
		MATRIX|x86 = MATRIX|x86
		PARTHENON|Any CPU = PARTHENON|Any CPU
		PARTHENON|Mixed Platforms = PARTHENON|Mixed Platforms
		PARTHENON|x86 = PARTHENON|x86
		Release|Any CPU = Release|Any CPU
		Release|Mixed Platforms = Release|Mixed Platforms
		Release|x86 = Release|x86
		TRON|Any CPU = TRON|Any CPU
		TRON|Mixed Platforms = TRON|Mixed Platforms
		TRON|x86 = TRON|x86
	EndGlobalSection
	GlobalSection(ProjectConfigurationPlatforms) = postSolution
		{E4551A78-13F7-4F62-A6C8-D775D7A970D8}.Debug|Any CPU.ActiveCfg = Debug|Any CPU
		{E4551A78-13F7-4F62-A6C8-D775D7A970D8}.Debug|Any CPU.Build.0 = Debug|Any CPU
		{E4551A78-13F7-4F62-A6C8-D775D7A970D8}.Debug|Mixed Platforms.ActiveCfg = Debug|Any CPU
		{E4551A78-13F7-4F62-A6C8-D775D7A970D8}.Debug|Mixed Platforms.Build.0 = Debug|Any CPU
		{E4551A78-13F7-4F62-A6C8-D775D7A970D8}.Debug|x86.ActiveCfg = Debug|Any CPU
		{E4551A78-13F7-4F62-A6C8-D775D7A970D8}.MATRIX|Any CPU.ActiveCfg = TRON|Any CPU
		{E4551A78-13F7-4F62-A6C8-D775D7A970D8}.MATRIX|Any CPU.Build.0 = TRON|Any CPU
		{E4551A78-13F7-4F62-A6C8-D775D7A970D8}.MATRIX|Mixed Platforms.ActiveCfg = TRON|Any CPU
		{E4551A78-13F7-4F62-A6C8-D775D7A970D8}.MATRIX|Mixed Platforms.Build.0 = TRON|Any CPU
		{E4551A78-13F7-4F62-A6C8-D775D7A970D8}.MATRIX|x86.ActiveCfg = TRON|Any CPU
		{E4551A78-13F7-4F62-A6C8-D775D7A970D8}.PARTHENON|Any CPU.ActiveCfg = TRON|Any CPU
		{E4551A78-13F7-4F62-A6C8-D775D7A970D8}.PARTHENON|Any CPU.Build.0 = TRON|Any CPU
		{E4551A78-13F7-4F62-A6C8-D775D7A970D8}.PARTHENON|Mixed Platforms.ActiveCfg = TRON|Any CPU
		{E4551A78-13F7-4F62-A6C8-D775D7A970D8}.PARTHENON|Mixed Platforms.Build.0 = TRON|Any CPU
		{E4551A78-13F7-4F62-A6C8-D775D7A970D8}.PARTHENON|x86.ActiveCfg = TRON|Any CPU
		{E4551A78-13F7-4F62-A6C8-D775D7A970D8}.Release|Any CPU.ActiveCfg = Release|Any CPU
		{E4551A78-13F7-4F62-A6C8-D775D7A970D8}.Release|Any CPU.Build.0 = Release|Any CPU
		{E4551A78-13F7-4F62-A6C8-D775D7A970D8}.Release|Mixed Platforms.ActiveCfg = Release|Any CPU
		{E4551A78-13F7-4F62-A6C8-D775D7A970D8}.Release|Mixed Platforms.Build.0 = Release|Any CPU
		{E4551A78-13F7-4F62-A6C8-D775D7A970D8}.Release|x86.ActiveCfg = Release|Any CPU
		{E4551A78-13F7-4F62-A6C8-D775D7A970D8}.TRON|Any CPU.ActiveCfg = TRON|Any CPU
		{E4551A78-13F7-4F62-A6C8-D775D7A970D8}.TRON|Any CPU.Build.0 = TRON|Any CPU
		{E4551A78-13F7-4F62-A6C8-D775D7A970D8}.TRON|Mixed Platforms.ActiveCfg = TRON|Any CPU
		{E4551A78-13F7-4F62-A6C8-D775D7A970D8}.TRON|Mixed Platforms.Build.0 = TRON|Any CPU
		{E4551A78-13F7-4F62-A6C8-D775D7A970D8}.TRON|x86.ActiveCfg = TRON|Any CPU
		{4A6BDD7F-BD50-4232-BDDA-0B082599666A}.Debug|Any CPU.ActiveCfg = Debug|Any CPU
		{4A6BDD7F-BD50-4232-BDDA-0B082599666A}.Debug|Any CPU.Build.0 = Debug|Any CPU
		{4A6BDD7F-BD50-4232-BDDA-0B082599666A}.Debug|Mixed Platforms.ActiveCfg = Debug|Any CPU
		{4A6BDD7F-BD50-4232-BDDA-0B082599666A}.Debug|Mixed Platforms.Build.0 = Debug|Any CPU
		{4A6BDD7F-BD50-4232-BDDA-0B082599666A}.Debug|x86.ActiveCfg = Debug|Any CPU
		{4A6BDD7F-BD50-4232-BDDA-0B082599666A}.MATRIX|Any CPU.ActiveCfg = MATRIX|Any CPU
		{4A6BDD7F-BD50-4232-BDDA-0B082599666A}.MATRIX|Any CPU.Build.0 = MATRIX|Any CPU
		{4A6BDD7F-BD50-4232-BDDA-0B082599666A}.MATRIX|Mixed Platforms.ActiveCfg = MATRIX|Any CPU
		{4A6BDD7F-BD50-4232-BDDA-0B082599666A}.MATRIX|Mixed Platforms.Build.0 = MATRIX|Any CPU
		{4A6BDD7F-BD50-4232-BDDA-0B082599666A}.MATRIX|x86.ActiveCfg = MATRIX|Any CPU
		{4A6BDD7F-BD50-4232-BDDA-0B082599666A}.PARTHENON|Any CPU.ActiveCfg = PARTHENON|Any CPU
		{4A6BDD7F-BD50-4232-BDDA-0B082599666A}.PARTHENON|Any CPU.Build.0 = PARTHENON|Any CPU
		{4A6BDD7F-BD50-4232-BDDA-0B082599666A}.PARTHENON|Mixed Platforms.ActiveCfg = PARTHENON|Any CPU
		{4A6BDD7F-BD50-4232-BDDA-0B082599666A}.PARTHENON|Mixed Platforms.Build.0 = PARTHENON|Any CPU
		{4A6BDD7F-BD50-4232-BDDA-0B082599666A}.PARTHENON|x86.ActiveCfg = PARTHENON|Any CPU
		{4A6BDD7F-BD50-4232-BDDA-0B082599666A}.Release|Any CPU.ActiveCfg = Release|Any CPU
		{4A6BDD7F-BD50-4232-BDDA-0B082599666A}.Release|Any CPU.Build.0 = Release|Any CPU
		{4A6BDD7F-BD50-4232-BDDA-0B082599666A}.Release|Mixed Platforms.ActiveCfg = Release|Any CPU
		{4A6BDD7F-BD50-4232-BDDA-0B082599666A}.Release|Mixed Platforms.Build.0 = Release|Any CPU
		{4A6BDD7F-BD50-4232-BDDA-0B082599666A}.Release|x86.ActiveCfg = Release|Any CPU
		{4A6BDD7F-BD50-4232-BDDA-0B082599666A}.TRON|Any CPU.ActiveCfg = TRON|Any CPU
		{4A6BDD7F-BD50-4232-BDDA-0B082599666A}.TRON|Any CPU.Build.0 = TRON|Any CPU
		{4A6BDD7F-BD50-4232-BDDA-0B082599666A}.TRON|Mixed Platforms.ActiveCfg = TRON|Any CPU
		{4A6BDD7F-BD50-4232-BDDA-0B082599666A}.TRON|Mixed Platforms.Build.0 = TRON|Any CPU
		{4A6BDD7F-BD50-4232-BDDA-0B082599666A}.TRON|x86.ActiveCfg = TRON|Any CPU
		{67CBC824-A49E-4E9B-A947-360F3DFE65C3}.Debug|Any CPU.ActiveCfg = Debug|Any CPU
		{67CBC824-A49E-4E9B-A947-360F3DFE65C3}.Debug|Any CPU.Build.0 = Debug|Any CPU
		{67CBC824-A49E-4E9B-A947-360F3DFE65C3}.Debug|Any CPU.Deploy.0 = Debug|Any CPU
		{67CBC824-A49E-4E9B-A947-360F3DFE65C3}.Debug|Mixed Platforms.ActiveCfg = Debug|Any CPU
		{67CBC824-A49E-4E9B-A947-360F3DFE65C3}.Debug|Mixed Platforms.Build.0 = Debug|Any CPU
		{67CBC824-A49E-4E9B-A947-360F3DFE65C3}.Debug|Mixed Platforms.Deploy.0 = Debug|Any CPU
		{67CBC824-A49E-4E9B-A947-360F3DFE65C3}.Debug|x86.ActiveCfg = Debug|Any CPU
		{67CBC824-A49E-4E9B-A947-360F3DFE65C3}.MATRIX|Any CPU.ActiveCfg = MATRIX|Any CPU
		{67CBC824-A49E-4E9B-A947-360F3DFE65C3}.MATRIX|Any CPU.Build.0 = MATRIX|Any CPU
		{67CBC824-A49E-4E9B-A947-360F3DFE65C3}.MATRIX|Any CPU.Deploy.0 = MATRIX|Any CPU
		{67CBC824-A49E-4E9B-A947-360F3DFE65C3}.MATRIX|Mixed Platforms.ActiveCfg = MATRIX|Any CPU
		{67CBC824-A49E-4E9B-A947-360F3DFE65C3}.MATRIX|Mixed Platforms.Build.0 = MATRIX|Any CPU
		{67CBC824-A49E-4E9B-A947-360F3DFE65C3}.MATRIX|Mixed Platforms.Deploy.0 = MATRIX|Any CPU
		{67CBC824-A49E-4E9B-A947-360F3DFE65C3}.MATRIX|x86.ActiveCfg = MATRIX|Any CPU
		{67CBC824-A49E-4E9B-A947-360F3DFE65C3}.PARTHENON|Any CPU.ActiveCfg = PARTHENON|Any CPU
		{67CBC824-A49E-4E9B-A947-360F3DFE65C3}.PARTHENON|Any CPU.Build.0 = PARTHENON|Any CPU
		{67CBC824-A49E-4E9B-A947-360F3DFE65C3}.PARTHENON|Any CPU.Deploy.0 = PARTHENON|Any CPU
		{67CBC824-A49E-4E9B-A947-360F3DFE65C3}.PARTHENON|Mixed Platforms.ActiveCfg = PARTHENON|Any CPU
		{67CBC824-A49E-4E9B-A947-360F3DFE65C3}.PARTHENON|Mixed Platforms.Build.0 = PARTHENON|Any CPU
		{67CBC824-A49E-4E9B-A947-360F3DFE65C3}.PARTHENON|Mixed Platforms.Deploy.0 = PARTHENON|Any CPU
		{67CBC824-A49E-4E9B-A947-360F3DFE65C3}.PARTHENON|x86.ActiveCfg = PARTHENON|Any CPU
		{67CBC824-A49E-4E9B-A947-360F3DFE65C3}.Release|Any CPU.ActiveCfg = Release|Any CPU
		{67CBC824-A49E-4E9B-A947-360F3DFE65C3}.Release|Any CPU.Build.0 = Release|Any CPU
		{67CBC824-A49E-4E9B-A947-360F3DFE65C3}.Release|Any CPU.Deploy.0 = Release|Any CPU
		{67CBC824-A49E-4E9B-A947-360F3DFE65C3}.Release|Mixed Platforms.ActiveCfg = Release|Any CPU
		{67CBC824-A49E-4E9B-A947-360F3DFE65C3}.Release|Mixed Platforms.Build.0 = Release|Any CPU
		{67CBC824-A49E-4E9B-A947-360F3DFE65C3}.Release|Mixed Platforms.Deploy.0 = Release|Any CPU
		{67CBC824-A49E-4E9B-A947-360F3DFE65C3}.Release|x86.ActiveCfg = Release|Any CPU
		{67CBC824-A49E-4E9B-A947-360F3DFE65C3}.TRON|Any CPU.ActiveCfg = TRON|Any CPU
		{67CBC824-A49E-4E9B-A947-360F3DFE65C3}.TRON|Any CPU.Build.0 = TRON|Any CPU
		{67CBC824-A49E-4E9B-A947-360F3DFE65C3}.TRON|Any CPU.Deploy.0 = TRON|Any CPU
		{67CBC824-A49E-4E9B-A947-360F3DFE65C3}.TRON|Mixed Platforms.ActiveCfg = TRON|Any CPU
		{67CBC824-A49E-4E9B-A947-360F3DFE65C3}.TRON|Mixed Platforms.Build.0 = TRON|Any CPU
		{67CBC824-A49E-4E9B-A947-360F3DFE65C3}.TRON|Mixed Platforms.Deploy.0 = TRON|Any CPU
		{67CBC824-A49E-4E9B-A947-360F3DFE65C3}.TRON|x86.ActiveCfg = TRON|Any CPU
		{9C45E4B9-C2DF-4AAB-A748-38F50031641A}.Debug|Any CPU.ActiveCfg = Debug|Any CPU
		{9C45E4B9-C2DF-4AAB-A748-38F50031641A}.Debug|Any CPU.Build.0 = Debug|Any CPU
		{9C45E4B9-C2DF-4AAB-A748-38F50031641A}.Debug|Mixed Platforms.ActiveCfg = Debug|Any CPU
		{9C45E4B9-C2DF-4AAB-A748-38F50031641A}.Debug|Mixed Platforms.Build.0 = Debug|Any CPU
		{9C45E4B9-C2DF-4AAB-A748-38F50031641A}.Debug|x86.ActiveCfg = Debug|Any CPU
		{9C45E4B9-C2DF-4AAB-A748-38F50031641A}.MATRIX|Any CPU.ActiveCfg = Release|Any CPU
		{9C45E4B9-C2DF-4AAB-A748-38F50031641A}.MATRIX|Any CPU.Build.0 = Release|Any CPU
		{9C45E4B9-C2DF-4AAB-A748-38F50031641A}.MATRIX|Mixed Platforms.ActiveCfg = Release|Any CPU
		{9C45E4B9-C2DF-4AAB-A748-38F50031641A}.MATRIX|Mixed Platforms.Build.0 = Release|Any CPU
		{9C45E4B9-C2DF-4AAB-A748-38F50031641A}.MATRIX|x86.ActiveCfg = Release|Any CPU
		{9C45E4B9-C2DF-4AAB-A748-38F50031641A}.PARTHENON|Any CPU.ActiveCfg = Release|Any CPU
		{9C45E4B9-C2DF-4AAB-A748-38F50031641A}.PARTHENON|Any CPU.Build.0 = Release|Any CPU
		{9C45E4B9-C2DF-4AAB-A748-38F50031641A}.PARTHENON|Mixed Platforms.ActiveCfg = Release|Any CPU
		{9C45E4B9-C2DF-4AAB-A748-38F50031641A}.PARTHENON|Mixed Platforms.Build.0 = Release|Any CPU
		{9C45E4B9-C2DF-4AAB-A748-38F50031641A}.PARTHENON|x86.ActiveCfg = Release|Any CPU
		{9C45E4B9-C2DF-4AAB-A748-38F50031641A}.Release|Any CPU.ActiveCfg = Release|Any CPU
		{9C45E4B9-C2DF-4AAB-A748-38F50031641A}.Release|Any CPU.Build.0 = Release|Any CPU
		{9C45E4B9-C2DF-4AAB-A748-38F50031641A}.Release|Mixed Platforms.ActiveCfg = Release|Any CPU
		{9C45E4B9-C2DF-4AAB-A748-38F50031641A}.Release|Mixed Platforms.Build.0 = Release|Any CPU
		{9C45E4B9-C2DF-4AAB-A748-38F50031641A}.Release|x86.ActiveCfg = Release|Any CPU
		{9C45E4B9-C2DF-4AAB-A748-38F50031641A}.TRON|Any CPU.ActiveCfg = Release|Any CPU
		{9C45E4B9-C2DF-4AAB-A748-38F50031641A}.TRON|Any CPU.Build.0 = Release|Any CPU
		{9C45E4B9-C2DF-4AAB-A748-38F50031641A}.TRON|Mixed Platforms.ActiveCfg = Release|Any CPU
		{9C45E4B9-C2DF-4AAB-A748-38F50031641A}.TRON|Mixed Platforms.Build.0 = Release|Any CPU
		{9C45E4B9-C2DF-4AAB-A748-38F50031641A}.TRON|x86.ActiveCfg = Release|Any CPU
		{2C3F3FC7-769A-4C70-AF20-5409BEA0A191}.Debug|Any CPU.ActiveCfg = Debug|Any CPU
		{2C3F3FC7-769A-4C70-AF20-5409BEA0A191}.Debug|Any CPU.Build.0 = Debug|Any CPU
		{2C3F3FC7-769A-4C70-AF20-5409BEA0A191}.Debug|Mixed Platforms.ActiveCfg = Debug|Any CPU
		{2C3F3FC7-769A-4C70-AF20-5409BEA0A191}.Debug|Mixed Platforms.Build.0 = Debug|Any CPU
		{2C3F3FC7-769A-4C70-AF20-5409BEA0A191}.Debug|x86.ActiveCfg = Debug|Any CPU
		{2C3F3FC7-769A-4C70-AF20-5409BEA0A191}.MATRIX|Any CPU.ActiveCfg = MATRIX|Any CPU
		{2C3F3FC7-769A-4C70-AF20-5409BEA0A191}.MATRIX|Any CPU.Build.0 = MATRIX|Any CPU
		{2C3F3FC7-769A-4C70-AF20-5409BEA0A191}.MATRIX|Mixed Platforms.ActiveCfg = MATRIX|Any CPU
		{2C3F3FC7-769A-4C70-AF20-5409BEA0A191}.MATRIX|Mixed Platforms.Build.0 = MATRIX|Any CPU
		{2C3F3FC7-769A-4C70-AF20-5409BEA0A191}.MATRIX|x86.ActiveCfg = MATRIX|Any CPU
		{2C3F3FC7-769A-4C70-AF20-5409BEA0A191}.PARTHENON|Any CPU.ActiveCfg = PARTHENON|Any CPU
		{2C3F3FC7-769A-4C70-AF20-5409BEA0A191}.PARTHENON|Any CPU.Build.0 = PARTHENON|Any CPU
		{2C3F3FC7-769A-4C70-AF20-5409BEA0A191}.PARTHENON|Mixed Platforms.ActiveCfg = PARTHENON|Any CPU
		{2C3F3FC7-769A-4C70-AF20-5409BEA0A191}.PARTHENON|Mixed Platforms.Build.0 = PARTHENON|Any CPU
		{2C3F3FC7-769A-4C70-AF20-5409BEA0A191}.PARTHENON|x86.ActiveCfg = PARTHENON|Any CPU
		{2C3F3FC7-769A-4C70-AF20-5409BEA0A191}.Release|Any CPU.ActiveCfg = Release|Any CPU
		{2C3F3FC7-769A-4C70-AF20-5409BEA0A191}.Release|Any CPU.Build.0 = Release|Any CPU
		{2C3F3FC7-769A-4C70-AF20-5409BEA0A191}.Release|Mixed Platforms.ActiveCfg = Release|Any CPU
		{2C3F3FC7-769A-4C70-AF20-5409BEA0A191}.Release|Mixed Platforms.Build.0 = Release|Any CPU
		{2C3F3FC7-769A-4C70-AF20-5409BEA0A191}.Release|x86.ActiveCfg = Release|Any CPU
		{2C3F3FC7-769A-4C70-AF20-5409BEA0A191}.TRON|Any CPU.ActiveCfg = TRON|Any CPU
		{2C3F3FC7-769A-4C70-AF20-5409BEA0A191}.TRON|Any CPU.Build.0 = TRON|Any CPU
		{2C3F3FC7-769A-4C70-AF20-5409BEA0A191}.TRON|Mixed Platforms.ActiveCfg = TRON|Any CPU
		{2C3F3FC7-769A-4C70-AF20-5409BEA0A191}.TRON|Mixed Platforms.Build.0 = TRON|Any CPU
		{2C3F3FC7-769A-4C70-AF20-5409BEA0A191}.TRON|x86.ActiveCfg = TRON|Any CPU
		{A42A0094-1914-47C7-92D7-BC05583AEE33}.Debug|Any CPU.ActiveCfg = Debug|Any CPU
		{A42A0094-1914-47C7-92D7-BC05583AEE33}.Debug|Any CPU.Build.0 = Debug|Any CPU
		{A42A0094-1914-47C7-92D7-BC05583AEE33}.Debug|Mixed Platforms.ActiveCfg = Debug|Any CPU
		{A42A0094-1914-47C7-92D7-BC05583AEE33}.Debug|Mixed Platforms.Build.0 = Debug|Any CPU
		{A42A0094-1914-47C7-92D7-BC05583AEE33}.Debug|x86.ActiveCfg = Debug|Any CPU
		{A42A0094-1914-47C7-92D7-BC05583AEE33}.MATRIX|Any CPU.ActiveCfg = MATRIX|Any CPU
		{A42A0094-1914-47C7-92D7-BC05583AEE33}.MATRIX|Any CPU.Build.0 = MATRIX|Any CPU
		{A42A0094-1914-47C7-92D7-BC05583AEE33}.MATRIX|Mixed Platforms.ActiveCfg = MATRIX|Any CPU
		{A42A0094-1914-47C7-92D7-BC05583AEE33}.MATRIX|Mixed Platforms.Build.0 = MATRIX|Any CPU
		{A42A0094-1914-47C7-92D7-BC05583AEE33}.MATRIX|x86.ActiveCfg = MATRIX|Any CPU
		{A42A0094-1914-47C7-92D7-BC05583AEE33}.PARTHENON|Any CPU.ActiveCfg = PARTHENON|Any CPU
		{A42A0094-1914-47C7-92D7-BC05583AEE33}.PARTHENON|Any CPU.Build.0 = PARTHENON|Any CPU
		{A42A0094-1914-47C7-92D7-BC05583AEE33}.PARTHENON|Mixed Platforms.ActiveCfg = PARTHENON|Any CPU
		{A42A0094-1914-47C7-92D7-BC05583AEE33}.PARTHENON|Mixed Platforms.Build.0 = PARTHENON|Any CPU
		{A42A0094-1914-47C7-92D7-BC05583AEE33}.PARTHENON|x86.ActiveCfg = PARTHENON|Any CPU
		{A42A0094-1914-47C7-92D7-BC05583AEE33}.Release|Any CPU.ActiveCfg = Release|Any CPU
		{A42A0094-1914-47C7-92D7-BC05583AEE33}.Release|Any CPU.Build.0 = Release|Any CPU
		{A42A0094-1914-47C7-92D7-BC05583AEE33}.Release|Mixed Platforms.ActiveCfg = Release|Any CPU
		{A42A0094-1914-47C7-92D7-BC05583AEE33}.Release|Mixed Platforms.Build.0 = Release|Any CPU
		{A42A0094-1914-47C7-92D7-BC05583AEE33}.Release|x86.ActiveCfg = Release|Any CPU
		{A42A0094-1914-47C7-92D7-BC05583AEE33}.TRON|Any CPU.ActiveCfg = TRON|Any CPU
		{A42A0094-1914-47C7-92D7-BC05583AEE33}.TRON|Any CPU.Build.0 = TRON|Any CPU
		{A42A0094-1914-47C7-92D7-BC05583AEE33}.TRON|Mixed Platforms.ActiveCfg = TRON|Any CPU
		{A42A0094-1914-47C7-92D7-BC05583AEE33}.TRON|Mixed Platforms.Build.0 = TRON|Any CPU
		{A42A0094-1914-47C7-92D7-BC05583AEE33}.TRON|x86.ActiveCfg = TRON|Any CPU
		{5C042A96-815D-4492-ADA5-891406A84ECD}.Debug|Any CPU.ActiveCfg = Debug|Any CPU
		{5C042A96-815D-4492-ADA5-891406A84ECD}.Debug|Any CPU.Build.0 = Debug|Any CPU
		{5C042A96-815D-4492-ADA5-891406A84ECD}.Debug|Mixed Platforms.ActiveCfg = Debug|Any CPU
		{5C042A96-815D-4492-ADA5-891406A84ECD}.Debug|Mixed Platforms.Build.0 = Debug|Any CPU
		{5C042A96-815D-4492-ADA5-891406A84ECD}.Debug|x86.ActiveCfg = Debug|Any CPU
		{5C042A96-815D-4492-ADA5-891406A84ECD}.MATRIX|Any CPU.ActiveCfg = MATRIX|Any CPU
		{5C042A96-815D-4492-ADA5-891406A84ECD}.MATRIX|Any CPU.Build.0 = MATRIX|Any CPU
		{5C042A96-815D-4492-ADA5-891406A84ECD}.MATRIX|Mixed Platforms.ActiveCfg = MATRIX|Any CPU
		{5C042A96-815D-4492-ADA5-891406A84ECD}.MATRIX|Mixed Platforms.Build.0 = MATRIX|Any CPU
		{5C042A96-815D-4492-ADA5-891406A84ECD}.MATRIX|x86.ActiveCfg = MATRIX|Any CPU
		{5C042A96-815D-4492-ADA5-891406A84ECD}.PARTHENON|Any CPU.ActiveCfg = PARTHENON|Any CPU
		{5C042A96-815D-4492-ADA5-891406A84ECD}.PARTHENON|Any CPU.Build.0 = PARTHENON|Any CPU
		{5C042A96-815D-4492-ADA5-891406A84ECD}.PARTHENON|Mixed Platforms.ActiveCfg = PARTHENON|Any CPU
		{5C042A96-815D-4492-ADA5-891406A84ECD}.PARTHENON|Mixed Platforms.Build.0 = PARTHENON|Any CPU
		{5C042A96-815D-4492-ADA5-891406A84ECD}.PARTHENON|x86.ActiveCfg = PARTHENON|Any CPU
		{5C042A96-815D-4492-ADA5-891406A84ECD}.Release|Any CPU.ActiveCfg = Release|Any CPU
		{5C042A96-815D-4492-ADA5-891406A84ECD}.Release|Any CPU.Build.0 = Release|Any CPU
		{5C042A96-815D-4492-ADA5-891406A84ECD}.Release|Mixed Platforms.ActiveCfg = Release|Any CPU
		{5C042A96-815D-4492-ADA5-891406A84ECD}.Release|Mixed Platforms.Build.0 = Release|Any CPU
		{5C042A96-815D-4492-ADA5-891406A84ECD}.Release|x86.ActiveCfg = Release|Any CPU
		{5C042A96-815D-4492-ADA5-891406A84ECD}.TRON|Any CPU.ActiveCfg = TRON|Any CPU
		{5C042A96-815D-4492-ADA5-891406A84ECD}.TRON|Any CPU.Build.0 = TRON|Any CPU
		{5C042A96-815D-4492-ADA5-891406A84ECD}.TRON|Mixed Platforms.ActiveCfg = TRON|Any CPU
		{5C042A96-815D-4492-ADA5-891406A84ECD}.TRON|Mixed Platforms.Build.0 = TRON|Any CPU
		{5C042A96-815D-4492-ADA5-891406A84ECD}.TRON|x86.ActiveCfg = TRON|Any CPU
		{B0BB284F-4062-4B71-98F3-C958CD1CB46B}.Debug|Any CPU.ActiveCfg = Debug|Any CPU
		{B0BB284F-4062-4B71-98F3-C958CD1CB46B}.Debug|Any CPU.Build.0 = Debug|Any CPU
		{B0BB284F-4062-4B71-98F3-C958CD1CB46B}.Debug|Mixed Platforms.ActiveCfg = Debug|Any CPU
		{B0BB284F-4062-4B71-98F3-C958CD1CB46B}.Debug|Mixed Platforms.Build.0 = Debug|Any CPU
		{B0BB284F-4062-4B71-98F3-C958CD1CB46B}.Debug|x86.ActiveCfg = Debug|Any CPU
		{B0BB284F-4062-4B71-98F3-C958CD1CB46B}.MATRIX|Any CPU.ActiveCfg = Release|Any CPU
		{B0BB284F-4062-4B71-98F3-C958CD1CB46B}.MATRIX|Any CPU.Build.0 = Release|Any CPU
		{B0BB284F-4062-4B71-98F3-C958CD1CB46B}.MATRIX|Mixed Platforms.ActiveCfg = Release|Any CPU
		{B0BB284F-4062-4B71-98F3-C958CD1CB46B}.MATRIX|Mixed Platforms.Build.0 = Release|Any CPU
		{B0BB284F-4062-4B71-98F3-C958CD1CB46B}.MATRIX|x86.ActiveCfg = Release|Any CPU
		{B0BB284F-4062-4B71-98F3-C958CD1CB46B}.PARTHENON|Any CPU.ActiveCfg = Release|Any CPU
		{B0BB284F-4062-4B71-98F3-C958CD1CB46B}.PARTHENON|Any CPU.Build.0 = Release|Any CPU
		{B0BB284F-4062-4B71-98F3-C958CD1CB46B}.PARTHENON|Mixed Platforms.ActiveCfg = Release|Any CPU
		{B0BB284F-4062-4B71-98F3-C958CD1CB46B}.PARTHENON|Mixed Platforms.Build.0 = Release|Any CPU
		{B0BB284F-4062-4B71-98F3-C958CD1CB46B}.PARTHENON|x86.ActiveCfg = Release|Any CPU
		{B0BB284F-4062-4B71-98F3-C958CD1CB46B}.Release|Any CPU.ActiveCfg = Release|Any CPU
		{B0BB284F-4062-4B71-98F3-C958CD1CB46B}.Release|Any CPU.Build.0 = Release|Any CPU
		{B0BB284F-4062-4B71-98F3-C958CD1CB46B}.Release|Mixed Platforms.ActiveCfg = Release|Any CPU
		{B0BB284F-4062-4B71-98F3-C958CD1CB46B}.Release|Mixed Platforms.Build.0 = Release|Any CPU
		{B0BB284F-4062-4B71-98F3-C958CD1CB46B}.Release|x86.ActiveCfg = Release|Any CPU
		{B0BB284F-4062-4B71-98F3-C958CD1CB46B}.TRON|Any CPU.ActiveCfg = Release|Any CPU
		{B0BB284F-4062-4B71-98F3-C958CD1CB46B}.TRON|Any CPU.Build.0 = Release|Any CPU
		{B0BB284F-4062-4B71-98F3-C958CD1CB46B}.TRON|Mixed Platforms.ActiveCfg = Release|Any CPU
		{B0BB284F-4062-4B71-98F3-C958CD1CB46B}.TRON|Mixed Platforms.Build.0 = Release|Any CPU
		{B0BB284F-4062-4B71-98F3-C958CD1CB46B}.TRON|x86.ActiveCfg = Release|Any CPU
		{3339BF79-959F-4B43-BBAB-D39F3EAB900A}.Debug|Any CPU.ActiveCfg = Debug|x86
		{3339BF79-959F-4B43-BBAB-D39F3EAB900A}.Debug|Mixed Platforms.ActiveCfg = Debug|x86
		{3339BF79-959F-4B43-BBAB-D39F3EAB900A}.Debug|Mixed Platforms.Build.0 = Debug|x86
		{3339BF79-959F-4B43-BBAB-D39F3EAB900A}.Debug|x86.ActiveCfg = Debug|x86
		{3339BF79-959F-4B43-BBAB-D39F3EAB900A}.Debug|x86.Build.0 = Debug|x86
		{3339BF79-959F-4B43-BBAB-D39F3EAB900A}.MATRIX|Any CPU.ActiveCfg = MATRIX|x86
		{3339BF79-959F-4B43-BBAB-D39F3EAB900A}.MATRIX|Mixed Platforms.ActiveCfg = MATRIX|x86
		{3339BF79-959F-4B43-BBAB-D39F3EAB900A}.MATRIX|Mixed Platforms.Build.0 = MATRIX|x86
		{3339BF79-959F-4B43-BBAB-D39F3EAB900A}.MATRIX|x86.ActiveCfg = MATRIX|x86
		{3339BF79-959F-4B43-BBAB-D39F3EAB900A}.MATRIX|x86.Build.0 = MATRIX|x86
		{3339BF79-959F-4B43-BBAB-D39F3EAB900A}.PARTHENON|Any CPU.ActiveCfg = PARTHENON|x86
		{3339BF79-959F-4B43-BBAB-D39F3EAB900A}.PARTHENON|Mixed Platforms.ActiveCfg = PARTHENON|x86
		{3339BF79-959F-4B43-BBAB-D39F3EAB900A}.PARTHENON|Mixed Platforms.Build.0 = PARTHENON|x86
		{3339BF79-959F-4B43-BBAB-D39F3EAB900A}.PARTHENON|x86.ActiveCfg = PARTHENON|x86
		{3339BF79-959F-4B43-BBAB-D39F3EAB900A}.PARTHENON|x86.Build.0 = PARTHENON|x86
		{3339BF79-959F-4B43-BBAB-D39F3EAB900A}.Release|Any CPU.ActiveCfg = Release|x86
		{3339BF79-959F-4B43-BBAB-D39F3EAB900A}.Release|Mixed Platforms.ActiveCfg = Release|x86
		{3339BF79-959F-4B43-BBAB-D39F3EAB900A}.Release|Mixed Platforms.Build.0 = Release|x86
		{3339BF79-959F-4B43-BBAB-D39F3EAB900A}.Release|x86.ActiveCfg = Release|x86
		{3339BF79-959F-4B43-BBAB-D39F3EAB900A}.Release|x86.Build.0 = Release|x86
		{3339BF79-959F-4B43-BBAB-D39F3EAB900A}.TRON|Any CPU.ActiveCfg = TRON|x86
		{3339BF79-959F-4B43-BBAB-D39F3EAB900A}.TRON|Mixed Platforms.ActiveCfg = TRON|x86
		{3339BF79-959F-4B43-BBAB-D39F3EAB900A}.TRON|Mixed Platforms.Build.0 = TRON|x86
		{3339BF79-959F-4B43-BBAB-D39F3EAB900A}.TRON|x86.ActiveCfg = TRON|x86
		{3339BF79-959F-4B43-BBAB-D39F3EAB900A}.TRON|x86.Build.0 = TRON|x86
	EndGlobalSection
	GlobalSection(SolutionProperties) = preSolution
		HideSolutionNode = FALSE
	EndGlobalSection
EndGlobal
